{
  "name": "kwetter-microservice",
  "lockfileVersion": 2,
  "requires": true,
  "packages": {
    "": {
      "dependencies": {
        "svelte-time": "^0.7.1"
      }
    },
    "node_modules/dayjs": {
      "version": "1.11.7",
      "resolved": "https://registry.npmjs.org/dayjs/-/dayjs-1.11.7.tgz",
      "integrity": "sha512-+Yw9U6YO5TQohxLcIkrXBeY73WP3ejHWVvx8XCk3gxvQDCTEmS48ZrSZCKciI7Bhl/uCMyxYtE9UqRILmFphkQ=="
    },
    "node_modules/svelte-time": {
      "version": "0.7.1",
      "resolved": "https://registry.npmjs.org/svelte-time/-/svelte-time-0.7.1.tgz",
      "integrity": "sha512-E7IL/85j7oj5fhxvmlau616TUbFfa6Vyy1PFTL3Y8SJGY6NXJaUj7DOYJrXVdoS3Rm9RVST0M6qWd6vqrYgM+w==",
      "dependencies": {
        "dayjs": "^1.11.3"
      }
    }
  },
  "dependencies": {
    "dayjs": {
      "version": "1.11.7",
      "resolved": "https://registry.npmjs.org/dayjs/-/dayjs-1.11.7.tgz",
      "integrity": "sha512-+Yw9U6YO5TQohxLcIkrXBeY73WP3ejHWVvx8XCk3gxvQDCTEmS48ZrSZCKciI7Bhl/uCMyxYtE9UqRILmFphkQ=="
    },
    "svelte-time": {
      "version": "0.7.1",
      "resolved": "https://registry.npmjs.org/svelte-time/-/svelte-time-0.7.1.tgz",
      "integrity": "sha512-E7IL/85j7oj5fhxvmlau616TUbFfa6Vyy1PFTL3Y8SJGY6NXJaUj7DOYJrXVdoS3Rm9RVST0M6qWd6vqrYgM+w==",
      "requires": {
        "dayjs": "^1.11.3"
      }
    }
  }
}
