
Microsoft Visual Studio Solution File, Format Version 12.00
# Visual Studio Version 17
VisualStudioVersion = 17.2.32526.322
MinimumVisualStudioVersion = 10.0.40219.1
Project("{2150E333-8FDC-42A3-9474-1A3956D46DE8}") = "Services", "Services", "{18489C93-2C5B-416E-A258-914A86F4C0E2}"
EndProject
Project("{2150E333-8FDC-42A3-9474-1A3956D46DE8}") = "Kweet", "Kweet", "{D828856A-7789-4D24-9293-66E71F69D93E}"
EndProject
Project("{2150E333-8FDC-42A3-9474-1A3956D46DE8}") = "UserTimeline", "UserTimeline", "{E8611E7C-0815-49E0-8B73-38AC9EC229F0}"
EndProject
Project("{9A19103F-16F7-4668-BE54-9A1E7A4F7556}") = "Kweet.API", "src\Services\Kweet\Kweet.API\Kweet.API.csproj", "{4F03997D-3831-496D-AEDA-7529E9674896}"
EndProject
Project("{9A19103F-16F7-4668-BE54-9A1E7A4F7556}") = "Kweet.Application", "src\Services\Kweet\Kweet.Application\Kweet.Application.csproj", "{D1A6E0E8-07E5-4198-9BE9-758B3939FB26}"
EndProject
Project("{9A19103F-16F7-4668-BE54-9A1E7A4F7556}") = "Kweet.Domain", "src\Services\Kweet\Kweet.Domain\Kweet.Domain.csproj", "{403D920E-3880-4A9A-B9BD-823BAA8FB0FD}"
EndProject
Project("{9A19103F-16F7-4668-BE54-9A1E7A4F7556}") = "Kweet.Infrastructure", "src\Services\Kweet\Kweet.Infrastructure\Kweet.Infrastructure.csproj", "{CA540A1A-7DBC-4B97-8424-2E98515AA0AA}"
EndProject
Project("{E53339B2-1760-4266-BCC7-CA923CBCF16C}") = "docker-compose", "docker-compose.dcproj", "{13588125-25F2-4DDB-90B5-B8DBF6024BD2}"
EndProject
Project("{9A19103F-16F7-4668-BE54-9A1E7A4F7556}") = "UserTimeline.API", "src\Services\UserTimeline\UserTimeline.API\UserTimeline.API.csproj", "{2EB74885-495C-4847-A729-1B14A17C8756}"
EndProject
Project("{9A19103F-16F7-4668-BE54-9A1E7A4F7556}") = "UserTimeline.Application", "src\Services\UserTimeline\UserTimeline.Application\UserTimeline.Application.csproj", "{CADEE1DE-0C5E-4FB0-A1D3-1A842BF86270}"
EndProject
Project("{9A19103F-16F7-4668-BE54-9A1E7A4F7556}") = "UserTimeline.Domain", "src\Services\UserTimeline\UserTimeline.Domain\UserTimeline.Domain.csproj", "{697A685C-6AA7-4230-966D-79C13A0BD595}"
EndProject
Project("{9A19103F-16F7-4668-BE54-9A1E7A4F7556}") = "UserTimeline.Infrastructure", "src\Services\UserTimeline\UserTimeline.Infrastructure\UserTimeline.Infrastructure.csproj", "{E3B1ADFF-2255-4DFC-AA52-E7B7CA9CF16C}"
EndProject
Project("{2150E333-8FDC-42A3-9474-1A3956D46DE8}") = "BuildingBlocks", "BuildingBlocks", "{64393D2A-806E-4531-A479-D4E24BB4A97B}"
EndProject
Project("{9A19103F-16F7-4668-BE54-9A1E7A4F7556}") = "Eventbus.Messages", "src\BuildingBlocks\Eventbus.Messages\Eventbus.Messages.csproj", "{13097A60-B60A-4235-A8A7-873A7FB46B12}"
EndProject
Project("{2150E333-8FDC-42A3-9474-1A3956D46DE8}") = "Tests", "Tests", "{B685EE80-A588-488E-B7C7-5ABE246B1046}"
EndProject
Project("{2150E333-8FDC-42A3-9474-1A3956D46DE8}") = "Unit", "Unit", "{B9426254-3539-4BC4-AD34-85C469B3B8D8}"
EndProject
Project("{2150E333-8FDC-42A3-9474-1A3956D46DE8}") = "Integration", "Integration", "{4C4E88EF-7755-4028-9012-B083DEB032D2}"
EndProject
Project("{FAE04EC0-301F-11D3-BF4B-00C04F79EFBC}") = "Kweet.Application.UnitTests", "src\Tests\Unit\Kweet.Application.UnitTests\Kweet.Application.UnitTests.csproj", "{941E8875-E727-4A2E-9E2F-A16BED75BCB2}"
EndProject
Project("{FAE04EC0-301F-11D3-BF4B-00C04F79EFBC}") = "Kweet.IntegrationTests", "src\Tests\Integration\Kweet.IntegrationTests\Kweet.IntegrationTests.csproj", "{63AAD66C-E905-4171-AA2D-D696F4FD86D9}"
EndProject
Global
	GlobalSection(SolutionConfigurationPlatforms) = preSolution
		Debug|Any CPU = Debug|Any CPU
		Release|Any CPU = Release|Any CPU
	EndGlobalSection
	GlobalSection(ProjectConfigurationPlatforms) = postSolution
		{4F03997D-3831-496D-AEDA-7529E9674896}.Debug|Any CPU.ActiveCfg = Debug|Any CPU
		{4F03997D-3831-496D-AEDA-7529E9674896}.Debug|Any CPU.Build.0 = Debug|Any CPU
		{4F03997D-3831-496D-AEDA-7529E9674896}.Release|Any CPU.ActiveCfg = Release|Any CPU
		{4F03997D-3831-496D-AEDA-7529E9674896}.Release|Any CPU.Build.0 = Release|Any CPU
		{D1A6E0E8-07E5-4198-9BE9-758B3939FB26}.Debug|Any CPU.ActiveCfg = Debug|Any CPU
		{D1A6E0E8-07E5-4198-9BE9-758B3939FB26}.Debug|Any CPU.Build.0 = Debug|Any CPU
		{D1A6E0E8-07E5-4198-9BE9-758B3939FB26}.Release|Any CPU.ActiveCfg = Release|Any CPU
		{D1A6E0E8-07E5-4198-9BE9-758B3939FB26}.Release|Any CPU.Build.0 = Release|Any CPU
		{403D920E-3880-4A9A-B9BD-823BAA8FB0FD}.Debug|Any CPU.ActiveCfg = Debug|Any CPU
		{403D920E-3880-4A9A-B9BD-823BAA8FB0FD}.Debug|Any CPU.Build.0 = Debug|Any CPU
		{403D920E-3880-4A9A-B9BD-823BAA8FB0FD}.Release|Any CPU.ActiveCfg = Release|Any CPU
		{403D920E-3880-4A9A-B9BD-823BAA8FB0FD}.Release|Any CPU.Build.0 = Release|Any CPU
		{CA540A1A-7DBC-4B97-8424-2E98515AA0AA}.Debug|Any CPU.ActiveCfg = Debug|Any CPU
		{CA540A1A-7DBC-4B97-8424-2E98515AA0AA}.Debug|Any CPU.Build.0 = Debug|Any CPU
		{CA540A1A-7DBC-4B97-8424-2E98515AA0AA}.Release|Any CPU.ActiveCfg = Release|Any CPU
		{CA540A1A-7DBC-4B97-8424-2E98515AA0AA}.Release|Any CPU.Build.0 = Release|Any CPU
		{13588125-25F2-4DDB-90B5-B8DBF6024BD2}.Debug|Any CPU.ActiveCfg = Debug|Any CPU
		{13588125-25F2-4DDB-90B5-B8DBF6024BD2}.Debug|Any CPU.Build.0 = Debug|Any CPU
		{13588125-25F2-4DDB-90B5-B8DBF6024BD2}.Release|Any CPU.ActiveCfg = Release|Any CPU
		{13588125-25F2-4DDB-90B5-B8DBF6024BD2}.Release|Any CPU.Build.0 = Release|Any CPU
		{2EB74885-495C-4847-A729-1B14A17C8756}.Debug|Any CPU.ActiveCfg = Debug|Any CPU
		{2EB74885-495C-4847-A729-1B14A17C8756}.Debug|Any CPU.Build.0 = Debug|Any CPU
		{2EB74885-495C-4847-A729-1B14A17C8756}.Release|Any CPU.ActiveCfg = Release|Any CPU
		{2EB74885-495C-4847-A729-1B14A17C8756}.Release|Any CPU.Build.0 = Release|Any CPU
		{CADEE1DE-0C5E-4FB0-A1D3-1A842BF86270}.Debug|Any CPU.ActiveCfg = Debug|Any CPU
		{CADEE1DE-0C5E-4FB0-A1D3-1A842BF86270}.Debug|Any CPU.Build.0 = Debug|Any CPU
		{CADEE1DE-0C5E-4FB0-A1D3-1A842BF86270}.Release|Any CPU.ActiveCfg = Release|Any CPU
		{CADEE1DE-0C5E-4FB0-A1D3-1A842BF86270}.Release|Any CPU.Build.0 = Release|Any CPU
		{697A685C-6AA7-4230-966D-79C13A0BD595}.Debug|Any CPU.ActiveCfg = Debug|Any CPU
		{697A685C-6AA7-4230-966D-79C13A0BD595}.Debug|Any CPU.Build.0 = Debug|Any CPU
		{697A685C-6AA7-4230-966D-79C13A0BD595}.Release|Any CPU.ActiveCfg = Release|Any CPU
		{697A685C-6AA7-4230-966D-79C13A0BD595}.Release|Any CPU.Build.0 = Release|Any CPU
		{E3B1ADFF-2255-4DFC-AA52-E7B7CA9CF16C}.Debug|Any CPU.ActiveCfg = Debug|Any CPU
		{E3B1ADFF-2255-4DFC-AA52-E7B7CA9CF16C}.Debug|Any CPU.Build.0 = Debug|Any CPU
		{E3B1ADFF-2255-4DFC-AA52-E7B7CA9CF16C}.Release|Any CPU.ActiveCfg = Release|Any CPU
		{E3B1ADFF-2255-4DFC-AA52-E7B7CA9CF16C}.Release|Any CPU.Build.0 = Release|Any CPU
		{13097A60-B60A-4235-A8A7-873A7FB46B12}.Debug|Any CPU.ActiveCfg = Debug|Any CPU
		{13097A60-B60A-4235-A8A7-873A7FB46B12}.Debug|Any CPU.Build.0 = Debug|Any CPU
		{13097A60-B60A-4235-A8A7-873A7FB46B12}.Release|Any CPU.ActiveCfg = Release|Any CPU
		{13097A60-B60A-4235-A8A7-873A7FB46B12}.Release|Any CPU.Build.0 = Release|Any CPU
		{941E8875-E727-4A2E-9E2F-A16BED75BCB2}.Debug|Any CPU.ActiveCfg = Debug|Any CPU
		{941E8875-E727-4A2E-9E2F-A16BED75BCB2}.Debug|Any CPU.Build.0 = Debug|Any CPU
		{941E8875-E727-4A2E-9E2F-A16BED75BCB2}.Release|Any CPU.ActiveCfg = Release|Any CPU
		{941E8875-E727-4A2E-9E2F-A16BED75BCB2}.Release|Any CPU.Build.0 = Release|Any CPU
		{63AAD66C-E905-4171-AA2D-D696F4FD86D9}.Debug|Any CPU.ActiveCfg = Debug|Any CPU
		{63AAD66C-E905-4171-AA2D-D696F4FD86D9}.Debug|Any CPU.Build.0 = Debug|Any CPU
		{63AAD66C-E905-4171-AA2D-D696F4FD86D9}.Release|Any CPU.ActiveCfg = Release|Any CPU
		{63AAD66C-E905-4171-AA2D-D696F4FD86D9}.Release|Any CPU.Build.0 = Release|Any CPU
	EndGlobalSection
	GlobalSection(SolutionProperties) = preSolution
		HideSolutionNode = FALSE
	EndGlobalSection
	GlobalSection(NestedProjects) = preSolution
		{D828856A-7789-4D24-9293-66E71F69D93E} = {18489C93-2C5B-416E-A258-914A86F4C0E2}
		{E8611E7C-0815-49E0-8B73-38AC9EC229F0} = {18489C93-2C5B-416E-A258-914A86F4C0E2}
		{4F03997D-3831-496D-AEDA-7529E9674896} = {D828856A-7789-4D24-9293-66E71F69D93E}
		{D1A6E0E8-07E5-4198-9BE9-758B3939FB26} = {D828856A-7789-4D24-9293-66E71F69D93E}
		{403D920E-3880-4A9A-B9BD-823BAA8FB0FD} = {D828856A-7789-4D24-9293-66E71F69D93E}
		{CA540A1A-7DBC-4B97-8424-2E98515AA0AA} = {D828856A-7789-4D24-9293-66E71F69D93E}
		{2EB74885-495C-4847-A729-1B14A17C8756} = {E8611E7C-0815-49E0-8B73-38AC9EC229F0}
		{CADEE1DE-0C5E-4FB0-A1D3-1A842BF86270} = {E8611E7C-0815-49E0-8B73-38AC9EC229F0}
		{697A685C-6AA7-4230-966D-79C13A0BD595} = {E8611E7C-0815-49E0-8B73-38AC9EC229F0}
		{E3B1ADFF-2255-4DFC-AA52-E7B7CA9CF16C} = {E8611E7C-0815-49E0-8B73-38AC9EC229F0}
		{13097A60-B60A-4235-A8A7-873A7FB46B12} = {64393D2A-806E-4531-A479-D4E24BB4A97B}
		{B9426254-3539-4BC4-AD34-85C469B3B8D8} = {B685EE80-A588-488E-B7C7-5ABE246B1046}
		{4C4E88EF-7755-4028-9012-B083DEB032D2} = {B685EE80-A588-488E-B7C7-5ABE246B1046}
		{941E8875-E727-4A2E-9E2F-A16BED75BCB2} = {B9426254-3539-4BC4-AD34-85C469B3B8D8}
		{63AAD66C-E905-4171-AA2D-D696F4FD86D9} = {4C4E88EF-7755-4028-9012-B083DEB032D2}
	EndGlobalSection
	GlobalSection(ExtensibilityGlobals) = postSolution
		SolutionGuid = {453852FF-C494-4E5E-844B-14EA98ED9CB6}
	EndGlobalSection
EndGlobal
