
Microsoft Visual Studio Solution File, Format Version 12.00
# Visual Studio Version 17
VisualStudioVersion = 17.2.32526.322
MinimumVisualStudioVersion = 10.0.40219.1
Project("{2150E333-8FDC-42A3-9474-1A3956D46DE8}") = "Services", "Services", "{18489C93-2C5B-416E-A258-914A86F4C0E2}"
EndProject
Project("{2150E333-8FDC-42A3-9474-1A3956D46DE8}") = "Kweet", "Kweet", "{D828856A-7789-4D24-9293-66E71F69D93E}"
EndProject
Project("{2150E333-8FDC-42A3-9474-1A3956D46DE8}") = "UserTimeline", "UserTimeline", "{E8611E7C-0815-49E0-8B73-38AC9EC229F0}"
EndProject
Project("{E53339B2-1760-4266-BCC7-CA923CBCF16C}") = "docker-compose", "docker-compose.dcproj", "{13588125-25F2-4DDB-90B5-B8DBF6024BD2}"
EndProject
Project("{9A19103F-16F7-4668-BE54-9A1E7A4F7556}") = "UserTimeline.API", "src\Services\UserTimeline\UserTimeline.API\UserTimeline.API.csproj", "{2EB74885-495C-4847-A729-1B14A17C8756}"
EndProject
Project("{9A19103F-16F7-4668-BE54-9A1E7A4F7556}") = "UserTimeline.Application", "src\Services\UserTimeline\UserTimeline.Application\UserTimeline.Application.csproj", "{CADEE1DE-0C5E-4FB0-A1D3-1A842BF86270}"
EndProject
Project("{9A19103F-16F7-4668-BE54-9A1E7A4F7556}") = "UserTimeline.Domain", "src\Services\UserTimeline\UserTimeline.Domain\UserTimeline.Domain.csproj", "{697A685C-6AA7-4230-966D-79C13A0BD595}"
EndProject
Project("{9A19103F-16F7-4668-BE54-9A1E7A4F7556}") = "UserTimeline.Infrastructure", "src\Services\UserTimeline\UserTimeline.Infrastructure\UserTimeline.Infrastructure.csproj", "{E3B1ADFF-2255-4DFC-AA52-E7B7CA9CF16C}"
EndProject
Project("{2150E333-8FDC-42A3-9474-1A3956D46DE8}") = "BuildingBlocks", "BuildingBlocks", "{64393D2A-806E-4531-A479-D4E24BB4A97B}"
EndProject
Project("{9A19103F-16F7-4668-BE54-9A1E7A4F7556}") = "Eventbus.Messages", "src\BuildingBlocks\Eventbus.Messages\Eventbus.Messages.csproj", "{13097A60-B60A-4235-A8A7-873A7FB46B12}"
EndProject
Project("{2150E333-8FDC-42A3-9474-1A3956D46DE8}") = "Tests", "Tests", "{B685EE80-A588-488E-B7C7-5ABE246B1046}"
EndProject
Project("{2150E333-8FDC-42A3-9474-1A3956D46DE8}") = "Unit", "Unit", "{B9426254-3539-4BC4-AD34-85C469B3B8D8}"
EndProject
Project("{2150E333-8FDC-42A3-9474-1A3956D46DE8}") = "Integration", "Integration", "{4C4E88EF-7755-4028-9012-B083DEB032D2}"
EndProject
Project("{9A19103F-16F7-4668-BE54-9A1E7A4F7556}") = "Kweet.Application.UnitTests", "src\Tests\Unit\Kweet.Application.UnitTests\Kweet.Application.UnitTests.csproj", "{941E8875-E727-4A2E-9E2F-A16BED75BCB2}"
EndProject
Project("{9A19103F-16F7-4668-BE54-9A1E7A4F7556}") = "Kweet.IntegrationTests", "src\Tests\Integration\Kweet.IntegrationTests\Kweet.IntegrationTests.csproj", "{63AAD66C-E905-4171-AA2D-D696F4FD86D9}"
EndProject
Project("{2150E333-8FDC-42A3-9474-1A3956D46DE8}") = "Kweet.Cmd", "Kweet.Cmd", "{0507842B-1331-4D59-9006-27BA1D60466C}"
EndProject
Project("{2150E333-8FDC-42A3-9474-1A3956D46DE8}") = "Kweet.Query", "Kweet.Query", "{C9083289-9E1B-49D6-9104-F02F18E513DB}"
EndProject
Project("{9A19103F-16F7-4668-BE54-9A1E7A4F7556}") = "Kweet.Cmd.Api", "src\Services\Kweet\Kweet.Cmd\Kweet.Cmd.Api\Kweet.Cmd.Api.csproj", "{88D40527-6D5E-47CF-AF1D-3AE0E2552210}"
EndProject
Project("{9A19103F-16F7-4668-BE54-9A1E7A4F7556}") = "Kweet.Cmd.Domain", "src\Services\Kweet\Kweet.Cmd\Kweet.Cmd.Domain\Kweet.Cmd.Domain.csproj", "{C67013F5-2EFB-4BE6-A8FF-76BDFD3DBD7C}"
EndProject
Project("{9A19103F-16F7-4668-BE54-9A1E7A4F7556}") = "Kweet.Query.Api", "src\Services\Kweet\Kweet.Query\Kweet.Query.Api\Kweet.Query.Api.csproj", "{FC5E216D-C642-437A-A863-89F096F833F1}"
EndProject
Project("{9A19103F-16F7-4668-BE54-9A1E7A4F7556}") = "Kweet.Cmd.Infrastructure", "src\Services\Kweet\Kweet.Cmd\Kweet.Infrastructure\Kweet.Cmd.Infrastructure.csproj", "{301DC2A8-0ACA-4A5F-BC52-1D7E7530D743}"
EndProject
Project("{9A19103F-16F7-4668-BE54-9A1E7A4F7556}") = "CQRS.Core", "src\BuildingBlocks\CQRS.Core\CQRS.Core\CQRS.Core.csproj", "{32299EB8-E67B-4D74-9CB6-D2E5CF835FC6}"
EndProject
Project("{9A19103F-16F7-4668-BE54-9A1E7A4F7556}") = "Kweet.Cmd.Application", "src\Services\Kweet\Kweet.Cmd\Kweet.Cmd.Application\Kweet.Cmd.Application.csproj", "{D612D758-B894-4076-9183-E7B0CAA8C87A}"
EndProject
Project("{9A19103F-16F7-4668-BE54-9A1E7A4F7556}") = "Kweet.Common", "src\Services\Kweet\Kweet.Common\Kweet.Common.csproj", "{2EF6EB4A-3198-447D-B0AE-E0D590AA4A2E}"
EndProject
Global
	GlobalSection(SolutionConfigurationPlatforms) = preSolution
		Debug|Any CPU = Debug|Any CPU
		Release|Any CPU = Release|Any CPU
	EndGlobalSection
	GlobalSection(ProjectConfigurationPlatforms) = postSolution
		{13588125-25F2-4DDB-90B5-B8DBF6024BD2}.Debug|Any CPU.ActiveCfg = Debug|Any CPU
		{13588125-25F2-4DDB-90B5-B8DBF6024BD2}.Debug|Any CPU.Build.0 = Debug|Any CPU
		{13588125-25F2-4DDB-90B5-B8DBF6024BD2}.Release|Any CPU.ActiveCfg = Release|Any CPU
		{13588125-25F2-4DDB-90B5-B8DBF6024BD2}.Release|Any CPU.Build.0 = Release|Any CPU
		{2EB74885-495C-4847-A729-1B14A17C8756}.Debug|Any CPU.ActiveCfg = Debug|Any CPU
		{2EB74885-495C-4847-A729-1B14A17C8756}.Debug|Any CPU.Build.0 = Debug|Any CPU
		{2EB74885-495C-4847-A729-1B14A17C8756}.Release|Any CPU.ActiveCfg = Release|Any CPU
		{2EB74885-495C-4847-A729-1B14A17C8756}.Release|Any CPU.Build.0 = Release|Any CPU
		{CADEE1DE-0C5E-4FB0-A1D3-1A842BF86270}.Debug|Any CPU.ActiveCfg = Debug|Any CPU
		{CADEE1DE-0C5E-4FB0-A1D3-1A842BF86270}.Debug|Any CPU.Build.0 = Debug|Any CPU
		{CADEE1DE-0C5E-4FB0-A1D3-1A842BF86270}.Release|Any CPU.ActiveCfg = Release|Any CPU
		{CADEE1DE-0C5E-4FB0-A1D3-1A842BF86270}.Release|Any CPU.Build.0 = Release|Any CPU
		{697A685C-6AA7-4230-966D-79C13A0BD595}.Debug|Any CPU.ActiveCfg = Debug|Any CPU
		{697A685C-6AA7-4230-966D-79C13A0BD595}.Debug|Any CPU.Build.0 = Debug|Any CPU
		{697A685C-6AA7-4230-966D-79C13A0BD595}.Release|Any CPU.ActiveCfg = Release|Any CPU
		{697A685C-6AA7-4230-966D-79C13A0BD595}.Release|Any CPU.Build.0 = Release|Any CPU
		{E3B1ADFF-2255-4DFC-AA52-E7B7CA9CF16C}.Debug|Any CPU.ActiveCfg = Debug|Any CPU
		{E3B1ADFF-2255-4DFC-AA52-E7B7CA9CF16C}.Debug|Any CPU.Build.0 = Debug|Any CPU
		{E3B1ADFF-2255-4DFC-AA52-E7B7CA9CF16C}.Release|Any CPU.ActiveCfg = Release|Any CPU
		{E3B1ADFF-2255-4DFC-AA52-E7B7CA9CF16C}.Release|Any CPU.Build.0 = Release|Any CPU
		{13097A60-B60A-4235-A8A7-873A7FB46B12}.Debug|Any CPU.ActiveCfg = Debug|Any CPU
		{13097A60-B60A-4235-A8A7-873A7FB46B12}.Debug|Any CPU.Build.0 = Debug|Any CPU
		{13097A60-B60A-4235-A8A7-873A7FB46B12}.Release|Any CPU.ActiveCfg = Release|Any CPU
		{13097A60-B60A-4235-A8A7-873A7FB46B12}.Release|Any CPU.Build.0 = Release|Any CPU
		{941E8875-E727-4A2E-9E2F-A16BED75BCB2}.Debug|Any CPU.ActiveCfg = Debug|Any CPU
		{941E8875-E727-4A2E-9E2F-A16BED75BCB2}.Debug|Any CPU.Build.0 = Debug|Any CPU
		{941E8875-E727-4A2E-9E2F-A16BED75BCB2}.Release|Any CPU.ActiveCfg = Release|Any CPU
		{941E8875-E727-4A2E-9E2F-A16BED75BCB2}.Release|Any CPU.Build.0 = Release|Any CPU
		{63AAD66C-E905-4171-AA2D-D696F4FD86D9}.Debug|Any CPU.ActiveCfg = Debug|Any CPU
		{63AAD66C-E905-4171-AA2D-D696F4FD86D9}.Debug|Any CPU.Build.0 = Debug|Any CPU
		{63AAD66C-E905-4171-AA2D-D696F4FD86D9}.Release|Any CPU.ActiveCfg = Release|Any CPU
		{63AAD66C-E905-4171-AA2D-D696F4FD86D9}.Release|Any CPU.Build.0 = Release|Any CPU
		{88D40527-6D5E-47CF-AF1D-3AE0E2552210}.Debug|Any CPU.ActiveCfg = Debug|Any CPU
		{88D40527-6D5E-47CF-AF1D-3AE0E2552210}.Debug|Any CPU.Build.0 = Debug|Any CPU
		{88D40527-6D5E-47CF-AF1D-3AE0E2552210}.Release|Any CPU.ActiveCfg = Release|Any CPU
		{88D40527-6D5E-47CF-AF1D-3AE0E2552210}.Release|Any CPU.Build.0 = Release|Any CPU
		{C67013F5-2EFB-4BE6-A8FF-76BDFD3DBD7C}.Debug|Any CPU.ActiveCfg = Debug|Any CPU
		{C67013F5-2EFB-4BE6-A8FF-76BDFD3DBD7C}.Debug|Any CPU.Build.0 = Debug|Any CPU
		{C67013F5-2EFB-4BE6-A8FF-76BDFD3DBD7C}.Release|Any CPU.ActiveCfg = Release|Any CPU
		{C67013F5-2EFB-4BE6-A8FF-76BDFD3DBD7C}.Release|Any CPU.Build.0 = Release|Any CPU
		{FC5E216D-C642-437A-A863-89F096F833F1}.Debug|Any CPU.ActiveCfg = Debug|Any CPU
		{FC5E216D-C642-437A-A863-89F096F833F1}.Debug|Any CPU.Build.0 = Debug|Any CPU
		{FC5E216D-C642-437A-A863-89F096F833F1}.Release|Any CPU.ActiveCfg = Release|Any CPU
		{FC5E216D-C642-437A-A863-89F096F833F1}.Release|Any CPU.Build.0 = Release|Any CPU
		{301DC2A8-0ACA-4A5F-BC52-1D7E7530D743}.Debug|Any CPU.ActiveCfg = Debug|Any CPU
		{301DC2A8-0ACA-4A5F-BC52-1D7E7530D743}.Debug|Any CPU.Build.0 = Debug|Any CPU
		{301DC2A8-0ACA-4A5F-BC52-1D7E7530D743}.Release|Any CPU.ActiveCfg = Release|Any CPU
		{301DC2A8-0ACA-4A5F-BC52-1D7E7530D743}.Release|Any CPU.Build.0 = Release|Any CPU
		{32299EB8-E67B-4D74-9CB6-D2E5CF835FC6}.Debug|Any CPU.ActiveCfg = Debug|Any CPU
		{32299EB8-E67B-4D74-9CB6-D2E5CF835FC6}.Debug|Any CPU.Build.0 = Debug|Any CPU
		{32299EB8-E67B-4D74-9CB6-D2E5CF835FC6}.Release|Any CPU.ActiveCfg = Release|Any CPU
		{32299EB8-E67B-4D74-9CB6-D2E5CF835FC6}.Release|Any CPU.Build.0 = Release|Any CPU
		{D612D758-B894-4076-9183-E7B0CAA8C87A}.Debug|Any CPU.ActiveCfg = Debug|Any CPU
		{D612D758-B894-4076-9183-E7B0CAA8C87A}.Debug|Any CPU.Build.0 = Debug|Any CPU
		{D612D758-B894-4076-9183-E7B0CAA8C87A}.Release|Any CPU.ActiveCfg = Release|Any CPU
		{D612D758-B894-4076-9183-E7B0CAA8C87A}.Release|Any CPU.Build.0 = Release|Any CPU
		{2EF6EB4A-3198-447D-B0AE-E0D590AA4A2E}.Debug|Any CPU.ActiveCfg = Debug|Any CPU
		{2EF6EB4A-3198-447D-B0AE-E0D590AA4A2E}.Debug|Any CPU.Build.0 = Debug|Any CPU
		{2EF6EB4A-3198-447D-B0AE-E0D590AA4A2E}.Release|Any CPU.ActiveCfg = Release|Any CPU
		{2EF6EB4A-3198-447D-B0AE-E0D590AA4A2E}.Release|Any CPU.Build.0 = Release|Any CPU
	EndGlobalSection
	GlobalSection(SolutionProperties) = preSolution
		HideSolutionNode = FALSE
	EndGlobalSection
	GlobalSection(NestedProjects) = preSolution
		{D828856A-7789-4D24-9293-66E71F69D93E} = {18489C93-2C5B-416E-A258-914A86F4C0E2}
		{E8611E7C-0815-49E0-8B73-38AC9EC229F0} = {18489C93-2C5B-416E-A258-914A86F4C0E2}
		{2EB74885-495C-4847-A729-1B14A17C8756} = {E8611E7C-0815-49E0-8B73-38AC9EC229F0}
		{CADEE1DE-0C5E-4FB0-A1D3-1A842BF86270} = {E8611E7C-0815-49E0-8B73-38AC9EC229F0}
		{697A685C-6AA7-4230-966D-79C13A0BD595} = {E8611E7C-0815-49E0-8B73-38AC9EC229F0}
		{E3B1ADFF-2255-4DFC-AA52-E7B7CA9CF16C} = {E8611E7C-0815-49E0-8B73-38AC9EC229F0}
		{13097A60-B60A-4235-A8A7-873A7FB46B12} = {64393D2A-806E-4531-A479-D4E24BB4A97B}
		{B9426254-3539-4BC4-AD34-85C469B3B8D8} = {B685EE80-A588-488E-B7C7-5ABE246B1046}
		{4C4E88EF-7755-4028-9012-B083DEB032D2} = {B685EE80-A588-488E-B7C7-5ABE246B1046}
		{941E8875-E727-4A2E-9E2F-A16BED75BCB2} = {B9426254-3539-4BC4-AD34-85C469B3B8D8}
		{63AAD66C-E905-4171-AA2D-D696F4FD86D9} = {4C4E88EF-7755-4028-9012-B083DEB032D2}
		{0507842B-1331-4D59-9006-27BA1D60466C} = {D828856A-7789-4D24-9293-66E71F69D93E}
		{C9083289-9E1B-49D6-9104-F02F18E513DB} = {D828856A-7789-4D24-9293-66E71F69D93E}
		{88D40527-6D5E-47CF-AF1D-3AE0E2552210} = {0507842B-1331-4D59-9006-27BA1D60466C}
		{C67013F5-2EFB-4BE6-A8FF-76BDFD3DBD7C} = {0507842B-1331-4D59-9006-27BA1D60466C}
		{FC5E216D-C642-437A-A863-89F096F833F1} = {C9083289-9E1B-49D6-9104-F02F18E513DB}
		{301DC2A8-0ACA-4A5F-BC52-1D7E7530D743} = {0507842B-1331-4D59-9006-27BA1D60466C}
		{32299EB8-E67B-4D74-9CB6-D2E5CF835FC6} = {64393D2A-806E-4531-A479-D4E24BB4A97B}
		{D612D758-B894-4076-9183-E7B0CAA8C87A} = {0507842B-1331-4D59-9006-27BA1D60466C}
		{2EF6EB4A-3198-447D-B0AE-E0D590AA4A2E} = {D828856A-7789-4D24-9293-66E71F69D93E}
	EndGlobalSection
	GlobalSection(ExtensibilityGlobals) = postSolution
		SolutionGuid = {453852FF-C494-4E5E-844B-14EA98ED9CB6}
	EndGlobalSection
EndGlobal
