
Microsoft Visual Studio Solution File, Format Version 12.00
# Visual Studio Version 17
VisualStudioVersion = 17.2.32526.322
MinimumVisualStudioVersion = 10.0.40219.1
Project("{2150E333-8FDC-42A3-9474-1A3956D46DE8}") = "Services", "Services", "{18489C93-2C5B-416E-A258-914A86F4C0E2}"
EndProject
Project("{2150E333-8FDC-42A3-9474-1A3956D46DE8}") = "Kweet", "Kweet", "{D828856A-7789-4D24-9293-66E71F69D93E}"
EndProject
Project("{2150E333-8FDC-42A3-9474-1A3956D46DE8}") = "UserTimeline", "UserTimeline", "{E8611E7C-0815-49E0-8B73-38AC9EC229F0}"
EndProject
Project("{FAE04EC0-301F-11D3-BF4B-00C04F79EFBC}") = "Kweet.API", "src\Services\Kweet\Kweet.API\Kweet.API.csproj", "{4F03997D-3831-496D-AEDA-7529E9674896}"
EndProject
Project("{FAE04EC0-301F-11D3-BF4B-00C04F79EFBC}") = "Kweet.Application", "Kweet.Application\Kweet.Application.csproj", "{D1A6E0E8-07E5-4198-9BE9-758B3939FB26}"
EndProject
Project("{FAE04EC0-301F-11D3-BF4B-00C04F79EFBC}") = "Kweet.Domain", "Kweet.Domain\Kweet.Domain.csproj", "{403D920E-3880-4A9A-B9BD-823BAA8FB0FD}"
EndProject
Project("{FAE04EC0-301F-11D3-BF4B-00C04F79EFBC}") = "Kweet.Infrastructure", "Kweet.Infrastructure\Kweet.Infrastructure.csproj", "{CA540A1A-7DBC-4B97-8424-2E98515AA0AA}"
EndProject
Global
	GlobalSection(SolutionConfigurationPlatforms) = preSolution
		Debug|Any CPU = Debug|Any CPU
		Release|Any CPU = Release|Any CPU
	EndGlobalSection
	GlobalSection(ProjectConfigurationPlatforms) = postSolution
		{4F03997D-3831-496D-AEDA-7529E9674896}.Debug|Any CPU.ActiveCfg = Debug|Any CPU
		{4F03997D-3831-496D-AEDA-7529E9674896}.Debug|Any CPU.Build.0 = Debug|Any CPU
		{4F03997D-3831-496D-AEDA-7529E9674896}.Release|Any CPU.ActiveCfg = Release|Any CPU
		{4F03997D-3831-496D-AEDA-7529E9674896}.Release|Any CPU.Build.0 = Release|Any CPU
		{D1A6E0E8-07E5-4198-9BE9-758B3939FB26}.Debug|Any CPU.ActiveCfg = Debug|Any CPU
		{D1A6E0E8-07E5-4198-9BE9-758B3939FB26}.Debug|Any CPU.Build.0 = Debug|Any CPU
		{D1A6E0E8-07E5-4198-9BE9-758B3939FB26}.Release|Any CPU.ActiveCfg = Release|Any CPU
		{D1A6E0E8-07E5-4198-9BE9-758B3939FB26}.Release|Any CPU.Build.0 = Release|Any CPU
		{403D920E-3880-4A9A-B9BD-823BAA8FB0FD}.Debug|Any CPU.ActiveCfg = Debug|Any CPU
		{403D920E-3880-4A9A-B9BD-823BAA8FB0FD}.Debug|Any CPU.Build.0 = Debug|Any CPU
		{403D920E-3880-4A9A-B9BD-823BAA8FB0FD}.Release|Any CPU.ActiveCfg = Release|Any CPU
		{403D920E-3880-4A9A-B9BD-823BAA8FB0FD}.Release|Any CPU.Build.0 = Release|Any CPU
		{CA540A1A-7DBC-4B97-8424-2E98515AA0AA}.Debug|Any CPU.ActiveCfg = Debug|Any CPU
		{CA540A1A-7DBC-4B97-8424-2E98515AA0AA}.Debug|Any CPU.Build.0 = Debug|Any CPU
		{CA540A1A-7DBC-4B97-8424-2E98515AA0AA}.Release|Any CPU.ActiveCfg = Release|Any CPU
		{CA540A1A-7DBC-4B97-8424-2E98515AA0AA}.Release|Any CPU.Build.0 = Release|Any CPU
	EndGlobalSection
	GlobalSection(SolutionProperties) = preSolution
		HideSolutionNode = FALSE
	EndGlobalSection
	GlobalSection(NestedProjects) = preSolution
		{D828856A-7789-4D24-9293-66E71F69D93E} = {18489C93-2C5B-416E-A258-914A86F4C0E2}
		{E8611E7C-0815-49E0-8B73-38AC9EC229F0} = {18489C93-2C5B-416E-A258-914A86F4C0E2}
		{4F03997D-3831-496D-AEDA-7529E9674896} = {D828856A-7789-4D24-9293-66E71F69D93E}
		{D1A6E0E8-07E5-4198-9BE9-758B3939FB26} = {D828856A-7789-4D24-9293-66E71F69D93E}
		{403D920E-3880-4A9A-B9BD-823BAA8FB0FD} = {D828856A-7789-4D24-9293-66E71F69D93E}
		{CA540A1A-7DBC-4B97-8424-2E98515AA0AA} = {D828856A-7789-4D24-9293-66E71F69D93E}
	EndGlobalSection
	GlobalSection(ExtensibilityGlobals) = postSolution
		SolutionGuid = {453852FF-C494-4E5E-844B-14EA98ED9CB6}
	EndGlobalSection
EndGlobal
